<?xml version="1.0" encoding="utf-8"?>
<Project ToolsVersion="4.0" xmlns="http://schemas.microsoft.com/developer/msbuild/2003">
  <ItemGroup>
    <Filter Include="Source Files">
      <UniqueIdentifier>{4FC737F1-C7A5-4376-A066-2A32D752A2FF}</UniqueIdentifier>
      <Extensions>cpp;c;cc;cxx;c++;cppm;ixx;def;odl;idl;hpj;bat;asm;asmx</Extensions>
    </Filter>
    <Filter Include="sql_stuff">
      <UniqueIdentifier>{b6075953-f89b-4c0a-bc56-dc116e0bbff1}</UniqueIdentifier>
    </Filter>
  </ItemGroup>
  <ItemGroup>
    <ClCompile Include="main.cpp">
      <Filter>Source Files</Filter>
    </ClCompile>
    <ClCompile Include="TableTemplate.cpp">
      <Filter>sql_stuff</Filter>
    </ClCompile>
    <ClCompile Include="SQL_inserter.cpp">
      <Filter>sql_stuff</Filter>
    </ClCompile>
    <ClCompile Include="Steam_urls.cpp">
      <Filter>sql_stuff</Filter>
    </ClCompile>
    <ClCompile Include="Payload.cpp">
      <Filter>sql_stuff</Filter>
    </ClCompile>
  </ItemGroup>
  <ItemGroup>
    <ClInclude Include="SQL_inserter.h">
      <Filter>sql_stuff</Filter>
    </ClInclude>
    <ClInclude Include="Stuff.h">
      <Filter>Source Files</Filter>
    </ClInclude>
    <ClInclude Include="TableTemplate.h">
      <Filter>sql_stuff</Filter>
    </ClInclude>
    <ClInclude Include="Steam_urls.h">
      <Filter>sql_stuff</Filter>
    </ClInclude>
    <ClInclude Include="Payload.h">
      <Filter>sql_stuff</Filter>
    </ClInclude>
  </ItemGroup>
</Project>